<?xml version="1.0" encoding="utf-8"?>
<Project ToolsVersion="4.0" xmlns="http://schemas.microsoft.com/developer/msbuild/2003">
  <ItemGroup>
    <ClCompile Include="CompPart.cpp">
      <Filter>Source Files</Filter>
    </ClCompile>
    <ClCompile Include="ComputerBuilder.cpp">
      <Filter>Source Files</Filter>
    </ClCompile>
    <ClCompile Include="input_tools.cpp">
      <Filter>Source Files</Filter>
    </ClCompile>
    <ClCompile Include="BSTHandler.cpp">
      <Filter>Source Files</Filter>
    </ClCompile>
    <ClCompile Include="menu.cpp">
      <Filter>Source Files</Filter>
    </ClCompile>
    <ClCompile Include="hashed_dict_handler.cpp">
      <Filter>Source Files</Filter>
    </ClCompile>
    <ClCompile Include="hashed_database_handler.cpp">
      <Filter>Source Files</Filter>
    </ClCompile>
    <ClCompile Include="main.cpp">
      <Filter>Source Files</Filter>
    </ClCompile>
  </ItemGroup>
  <ItemGroup>
    <ClInclude Include="BinaryNode.h">
      <Filter>Header Files</Filter>
    </ClInclude>
    <ClInclude Include="BinarySearchTree.h">
      <Filter>Header Files</Filter>
    </ClInclude>
    <ClInclude Include="ComputerBuilder.h">
      <Filter>Header Files</Filter>
    </ClInclude>
    <ClInclude Include="entry.h">
      <Filter>Header Files</Filter>
    </ClInclude>
    <ClInclude Include="hashed_dictionary.h">
      <Filter>Header Files</Filter>
    </ClInclude>
    <ClInclude Include="hashed_entry.h">
      <Filter>Header Files</Filter>
    </ClInclude>
    <ClInclude Include="node.h">
      <Filter>Header Files</Filter>
    </ClInclude>
    <ClInclude Include="queue.h">
      <Filter>Header Files</Filter>
    </ClInclude>
    <ClInclude Include="singly_linked_list.h">
      <Filter>Header Files</Filter>
    </ClInclude>
    <ClInclude Include="input_tools.h">
      <Filter>Header Files</Filter>
    </ClInclude>
    <ClInclude Include="BSTHandler.h">
      <Filter>Header Files</Filter>
    </ClInclude>
    <ClInclude Include="menu.h">
      <Filter>Header Files</Filter>
    </ClInclude>
    <ClInclude Include="CompPart.h">
      <Filter>Header Files</Filter>
    </ClInclude>
    <ClInclude Include="hashed_dict_handler.h">
      <Filter>Header Files</Filter>
    </ClInclude>
    <ClInclude Include="hashed_database_handler.h">
      <Filter>Header Files</Filter>
    </ClInclude>
  </ItemGroup>
  <ItemGroup>
    <Filter Include="Header Files">
      <UniqueIdentifier>{56ba2ed9-e095-4069-9827-5fcc8352ae4a}</UniqueIdentifier>
    </Filter>
    <Filter Include="Source Files">
      <UniqueIdentifier>{fe1c8b73-abb7-4359-9f37-05e8a6eeb4d8}</UniqueIdentifier>
    </Filter>
    <Filter Include="Resource Files">
      <UniqueIdentifier>{0aae0a39-58ae-40be-ad64-b533b20c7274}</UniqueIdentifier>
    </Filter>
  </ItemGroup>
  <ItemGroup>
    <None Include="data.csv">
      <Filter>Resource Files</Filter>
    </None>
  </ItemGroup>
  <ItemGroup>
    <Text Include="shopping_cart.txt">
      <Filter>Resource Files</Filter>
    </Text>
  </ItemGroup>
</Project>